
Microsoft Visual Studio Solution File, Format Version 12.00
# Visual Studio Version 17
VisualStudioVersion = 17.1.32228.430
MinimumVisualStudioVersion = 10.0.40219.1
Project("{FAE04EC0-301F-11D3-BF4B-00C04F79EFBC}") = "pjControlResgistro", "pjControlResgistro\pjControlResgistro.csproj", "{1926EB30-0839-47FB-B2C9-98EE4E5A24EF}"
EndProject
Global
	GlobalSection(SolutionConfigurationPlatforms) = preSolution
		Debug|Any CPU = Debug|Any CPU
		Release|Any CPU = Release|Any CPU
	EndGlobalSection
	GlobalSection(ProjectConfigurationPlatforms) = postSolution
		{1926EB30-0839-47FB-B2C9-98EE4E5A24EF}.Debug|Any CPU.ActiveCfg = Debug|Any CPU
		{1926EB30-0839-47FB-B2C9-98EE4E5A24EF}.Debug|Any CPU.Build.0 = Debug|Any CPU
		{1926EB30-0839-47FB-B2C9-98EE4E5A24EF}.Release|Any CPU.ActiveCfg = Release|Any CPU
		{1926EB30-0839-47FB-B2C9-98EE4E5A24EF}.Release|Any CPU.Build.0 = Release|Any CPU
	EndGlobalSection
	GlobalSection(SolutionProperties) = preSolution
		HideSolutionNode = FALSE
	EndGlobalSection
	GlobalSection(ExtensibilityGlobals) = postSolution
		SolutionGuid = {B19BBEDF-8537-4EEB-836A-C744D460A5D9}
	EndGlobalSection
EndGlobal
